
Microsoft Visual Studio Solution File, Format Version 12.00
Project("{FAE04EC0-301F-11D3-BF4B-00C04F79EFBC}") = "CustomGenericCollection", "CustomGenericCollection\CustomGenericCollection.csproj", "{4860DCBB-B63A-43BA-97D6-F868AF1DE71B}"
EndProject
Project("{FAE04EC0-301F-11D3-BF4B-00C04F79EFBC}") = "ConsoleApp", "ConsoleApp\ConsoleApp.csproj", "{11CE7635-4495-429C-9723-8C198E63682C}"
EndProject
Project("{FAE04EC0-301F-11D3-BF4B-00C04F79EFBC}") = "CustomerGenericCollection", "CustomerGenericCollection\CustomerGenericCollection.csproj", "{B3E9B4D7-7465-45FE-A7BA-D61911A1E4F3}"
EndProject
Global
	GlobalSection(SolutionConfigurationPlatforms) = preSolution
		Debug|Any CPU = Debug|Any CPU
		Release|Any CPU = Release|Any CPU
	EndGlobalSection
	GlobalSection(ProjectConfigurationPlatforms) = postSolution
		{4860DCBB-B63A-43BA-97D6-F868AF1DE71B}.Debug|Any CPU.ActiveCfg = Debug|Any CPU
		{4860DCBB-B63A-43BA-97D6-F868AF1DE71B}.Debug|Any CPU.Build.0 = Debug|Any CPU
		{4860DCBB-B63A-43BA-97D6-F868AF1DE71B}.Release|Any CPU.ActiveCfg = Release|Any CPU
		{4860DCBB-B63A-43BA-97D6-F868AF1DE71B}.Release|Any CPU.Build.0 = Release|Any CPU
		{11CE7635-4495-429C-9723-8C198E63682C}.Debug|Any CPU.ActiveCfg = Debug|Any CPU
		{11CE7635-4495-429C-9723-8C198E63682C}.Debug|Any CPU.Build.0 = Debug|Any CPU
		{11CE7635-4495-429C-9723-8C198E63682C}.Release|Any CPU.ActiveCfg = Release|Any CPU
		{11CE7635-4495-429C-9723-8C198E63682C}.Release|Any CPU.Build.0 = Release|Any CPU
		{B3E9B4D7-7465-45FE-A7BA-D61911A1E4F3}.Debug|Any CPU.ActiveCfg = Debug|Any CPU
		{B3E9B4D7-7465-45FE-A7BA-D61911A1E4F3}.Debug|Any CPU.Build.0 = Debug|Any CPU
		{B3E9B4D7-7465-45FE-A7BA-D61911A1E4F3}.Release|Any CPU.ActiveCfg = Release|Any CPU
		{B3E9B4D7-7465-45FE-A7BA-D61911A1E4F3}.Release|Any CPU.Build.0 = Release|Any CPU
	EndGlobalSection
EndGlobal
